# This file is automatically @generated by Poetry 1.8.0 and should not be changed by hand.

[[package]]
name = "poetry-core"
version = "2.3.2"
description = "Poetry PEP 517 Build Backend"
optional = false
python-versions = "<4.0,>=3.10"
files = [
    {file = "poetry_core-2.3.2-py3-none-any.whl", hash = "sha256:23df641b64f87fbb4ce1873c1915a4d4bb1b7d808c596e4307edc073e68d7234"},
    {file = "poetry_core-2.3.2.tar.gz", hash = "sha256:20cb71be27b774628da9f384effd9183dfceb53bcef84063248a8672aa47031f"},
]

[metadata]
lock-version = "2.0"
python-versions = "^3.13"
content-hash = "8ae403eea0c86ad655bc36b4c86fbb04534c32947cf6a16c389f8ee0e31889b4"
